hash: 3b963627801bae1b81727491ac4aaaba18f6cefacbeca974ab284b71bd2a217b
updated: 2016-04-06T18:36:57.159705604-07:00
imports:
- name: github.com/braintree/manners
  version: 213a497c0285defc24f640dbdb8a30f7d7080310
- name: github.com/gin-gonic/gin
  version: 233291e4e2d016084f9e42e786e45dad8858ace4
  subpackages:
  - binding
  - render
- name: github.com/golang/protobuf
  version: 2402d76f3d41f928c7902a765dfc872356dd3aad
  subpackages:
  - proto
- name: github.com/manucorporat/sse
  version: ee05b128a739a0fb76c7ebd3ae4810c1de808d6d
- name: golang.org/x/net
  version: f315505cf3349909cdf013ea56690da34e96a451
  subpackages:
  - context
- name: gopkg.in/go-playground/validator.v8
  version: c193cecd124b5cc722d7ee5538e945bdb3348435
devImports: []
